
Microsoft Visual Studio Solution File, Format Version 11.00
# Visual Studio 2010 Express for Windows Phone
Project("{FAE04EC0-301F-11D3-BF4B-00C04F79EFBC}") = "PloobsEngine", "PloobsEngine\PloobsEngine\PloobsEngine.csproj", "{1D050978-A350-47A8-B495-090DF10242B2}"
EndProject
Project("{FAE04EC0-301F-11D3-BF4B-00C04F79EFBC}") = "PloobsEngineContent", "PloobsEngine\PloobsEngineContent\PloobsEngineContent.contentproj", "{7ED0C250-A783-40B2-912E-4A4C222C4CE5}"
EndProject
Project("{FAE04EC0-301F-11D3-BF4B-00C04F79EFBC}") = "Engine Tests", "EngineTestes\EngineTestes\Engine Tests.csproj", "{D8E39357-DDD4-45A2-820C-32411E409A2A}"
EndProject
Project("{FAE04EC0-301F-11D3-BF4B-00C04F79EFBC}") = "EngineTestesContent", "EngineTestes\EngineTestesContent\EngineTestesContent.contentproj", "{4DB11830-D1DC-4BD2-931D-11ADEAFA8BEA}"
EndProject
Project("{FAE04EC0-301F-11D3-BF4B-00C04F79EFBC}") = "Windows Phone Copy of PloobsEngine", "PloobsEngine\PloobsEngine\Windows Phone Copy of PloobsEngine.csproj", "{3B2319A3-79C2-4F82-AC72-5B13A9D11F50}"
EndProject
Project("{FAE04EC0-301F-11D3-BF4B-00C04F79EFBC}") = "EnginePhoneTests", "EnginePhoneTests\EnginePhoneTests\EnginePhoneTests.csproj", "{7800E79F-72D2-4EF7-80A2-5CBA42193B2F}"
EndProject
Project("{FAE04EC0-301F-11D3-BF4B-00C04F79EFBC}") = "EnginePhoneTestsContent", "EnginePhoneTests\EnginePhoneTestsContent\EnginePhoneTestsContent.contentproj", "{9D42BEA1-2F84-4EF2-BF94-3FE38A494E58}"
EndProject
Project("{FAE04EC0-301F-11D3-BF4B-00C04F79EFBC}") = "EnginePhoneContent", "EnginePhoneContent\EnginePhoneContent.contentproj", "{D45AAD1D-4A78-46F8-B21D-A5F222ECEFFB}"
EndProject
Project("{6141683F-8A12-4E36-9623-2EB02B2C2303}") = "PloobsInstaller", "PloobsInstaller\PloobsInstaller.isproj", "{67A4EBD5-7080-4CFE-9A36-2378EFF2FCCC}"
EndProject
Project("{FAE04EC0-301F-11D3-BF4B-00C04F79EFBC}") = "PloobsEngineReach", "PloobsEngine\PloobsEngine\PloobsEngineReach.csproj", "{2B62EE6A-89C6-4AFA-A84D-CD17CC5B26EE}"
EndProject
Project("{FAE04EC0-301F-11D3-BF4B-00C04F79EFBC}") = "PloobsEngineReachContent", "PloobsEngineReachContent\PloobsEngineReachContent.contentproj", "{B1698752-EB8C-4692-8BCD-2E4768B892E2}"
EndProject
Project("{FAE04EC0-301F-11D3-BF4B-00C04F79EFBC}") = "Windows Phone Copy of PloobsEngine SilverLight", "PloobsEngine\PloobsEngine\Windows Phone Copy of PloobsEngine SilverLight.csproj", "{B990BF20-C075-428E-A961-CF6458B55761}"
EndProject
Project("{FAE04EC0-301F-11D3-BF4B-00C04F79EFBC}") = "GraphicsApp1", "GraphicsApp1\GraphicsApp1\GraphicsApp1.csproj", "{78267474-D9AE-4FBE-B135-7B9C7FEFA5F1}"
EndProject
Project("{FAE04EC0-301F-11D3-BF4B-00C04F79EFBC}") = "GraphicsApp1Library", "GraphicsApp1\GraphicsApp1Library\GraphicsApp1Library.csproj", "{5080C6EF-C571-4C8B-A2CD-4AAB942A999E}"
EndProject
Project("{FAE04EC0-301F-11D3-BF4B-00C04F79EFBC}") = "GraphicsApp1LibraryContent", "GraphicsApp1\GraphicsApp1LibraryContent\GraphicsApp1LibraryContent.contentproj", "{8879CC64-F366-4DD4-ABDB-4CB24F732D37}"
EndProject
Global
	GlobalSection(SolutionConfigurationPlatforms) = preSolution
		CD_ROM|Any CPU = CD_ROM|Any CPU
		CD_ROM|Mixed Platforms = CD_ROM|Mixed Platforms
		CD_ROM|Windows Phone = CD_ROM|Windows Phone
		CD_ROM|x86 = CD_ROM|x86
		Debug|Any CPU = Debug|Any CPU
		Debug|Mixed Platforms = Debug|Mixed Platforms
		Debug|Windows Phone = Debug|Windows Phone
		Debug|x86 = Debug|x86
		DVD-5|Any CPU = DVD-5|Any CPU
		DVD-5|Mixed Platforms = DVD-5|Mixed Platforms
		DVD-5|Windows Phone = DVD-5|Windows Phone
		DVD-5|x86 = DVD-5|x86
		Release|Any CPU = Release|Any CPU
		Release|Mixed Platforms = Release|Mixed Platforms
		Release|Windows Phone = Release|Windows Phone
		Release|x86 = Release|x86
		SingleImage|Any CPU = SingleImage|Any CPU
		SingleImage|Mixed Platforms = SingleImage|Mixed Platforms
		SingleImage|Windows Phone = SingleImage|Windows Phone
		SingleImage|x86 = SingleImage|x86
	EndGlobalSection
	GlobalSection(ProjectConfigurationPlatforms) = postSolution
		{1D050978-A350-47A8-B495-090DF10242B2}.CD_ROM|Any CPU.ActiveCfg = Release|x86
		{1D050978-A350-47A8-B495-090DF10242B2}.CD_ROM|Mixed Platforms.ActiveCfg = Release|x86
		{1D050978-A350-47A8-B495-090DF10242B2}.CD_ROM|Mixed Platforms.Build.0 = Release|x86
		{1D050978-A350-47A8-B495-090DF10242B2}.CD_ROM|Windows Phone.ActiveCfg = Release|x86
		{1D050978-A350-47A8-B495-090DF10242B2}.CD_ROM|x86.ActiveCfg = Release|x86
		{1D050978-A350-47A8-B495-090DF10242B2}.CD_ROM|x86.Build.0 = Release|x86
		{1D050978-A350-47A8-B495-090DF10242B2}.Debug|Any CPU.ActiveCfg = Debug|x86
		{1D050978-A350-47A8-B495-090DF10242B2}.Debug|Mixed Platforms.ActiveCfg = Release|x86
		{1D050978-A350-47A8-B495-090DF10242B2}.Debug|Mixed Platforms.Build.0 = Release|x86
		{1D050978-A350-47A8-B495-090DF10242B2}.Debug|Windows Phone.ActiveCfg = Debug|x86
		{1D050978-A350-47A8-B495-090DF10242B2}.Debug|Windows Phone.Build.0 = Debug|x86
		{1D050978-A350-47A8-B495-090DF10242B2}.Debug|x86.ActiveCfg = Debug|x86
		{1D050978-A350-47A8-B495-090DF10242B2}.Debug|x86.Build.0 = Debug|x86
		{1D050978-A350-47A8-B495-090DF10242B2}.DVD-5|Any CPU.ActiveCfg = Debug|x86
		{1D050978-A350-47A8-B495-090DF10242B2}.DVD-5|Mixed Platforms.ActiveCfg = Debug|x86
		{1D050978-A350-47A8-B495-090DF10242B2}.DVD-5|Mixed Platforms.Build.0 = Debug|x86
		{1D050978-A350-47A8-B495-090DF10242B2}.DVD-5|Windows Phone.ActiveCfg = Debug|x86
		{1D050978-A350-47A8-B495-090DF10242B2}.DVD-5|x86.ActiveCfg = Debug|x86
		{1D050978-A350-47A8-B495-090DF10242B2}.DVD-5|x86.Build.0 = Debug|x86
		{1D050978-A350-47A8-B495-090DF10242B2}.Release|Any CPU.ActiveCfg = Release|x86
		{1D050978-A350-47A8-B495-090DF10242B2}.Release|Mixed Platforms.ActiveCfg = Debug|x86
		{1D050978-A350-47A8-B495-090DF10242B2}.Release|Mixed Platforms.Build.0 = Debug|x86
		{1D050978-A350-47A8-B495-090DF10242B2}.Release|Windows Phone.ActiveCfg = Release|x86
		{1D050978-A350-47A8-B495-090DF10242B2}.Release|Windows Phone.Build.0 = Release|x86
		{1D050978-A350-47A8-B495-090DF10242B2}.Release|x86.ActiveCfg = Release|x86
		{1D050978-A350-47A8-B495-090DF10242B2}.Release|x86.Build.0 = Release|x86
		{1D050978-A350-47A8-B495-090DF10242B2}.SingleImage|Any CPU.ActiveCfg = Release|x86
		{1D050978-A350-47A8-B495-090DF10242B2}.SingleImage|Mixed Platforms.ActiveCfg = Release|x86
		{1D050978-A350-47A8-B495-090DF10242B2}.SingleImage|Mixed Platforms.Build.0 = Release|x86
		{1D050978-A350-47A8-B495-090DF10242B2}.SingleImage|Windows Phone.ActiveCfg = Release|x86
		{1D050978-A350-47A8-B495-090DF10242B2}.SingleImage|x86.ActiveCfg = Release|x86
		{1D050978-A350-47A8-B495-090DF10242B2}.SingleImage|x86.Build.0 = Release|x86
		{7ED0C250-A783-40B2-912E-4A4C222C4CE5}.CD_ROM|Any CPU.ActiveCfg = Release|x86
		{7ED0C250-A783-40B2-912E-4A4C222C4CE5}.CD_ROM|Mixed Platforms.ActiveCfg = Release|x86
		{7ED0C250-A783-40B2-912E-4A4C222C4CE5}.CD_ROM|Windows Phone.ActiveCfg = Release|x86
		{7ED0C250-A783-40B2-912E-4A4C222C4CE5}.CD_ROM|x86.ActiveCfg = Release|x86
		{7ED0C250-A783-40B2-912E-4A4C222C4CE5}.Debug|Any CPU.ActiveCfg = Debug|x86
		{7ED0C250-A783-40B2-912E-4A4C222C4CE5}.Debug|Mixed Platforms.ActiveCfg = Debug|x86
		{7ED0C250-A783-40B2-912E-4A4C222C4CE5}.Debug|Windows Phone.ActiveCfg = Debug|x86
		{7ED0C250-A783-40B2-912E-4A4C222C4CE5}.Debug|x86.ActiveCfg = Debug|x86
		{7ED0C250-A783-40B2-912E-4A4C222C4CE5}.DVD-5|Any CPU.ActiveCfg = Debug|x86
		{7ED0C250-A783-40B2-912E-4A4C222C4CE5}.DVD-5|Mixed Platforms.ActiveCfg = Debug|x86
		{7ED0C250-A783-40B2-912E-4A4C222C4CE5}.DVD-5|Windows Phone.ActiveCfg = Debug|x86
		{7ED0C250-A783-40B2-912E-4A4C222C4CE5}.DVD-5|x86.ActiveCfg = Debug|x86
		{7ED0C250-A783-40B2-912E-4A4C222C4CE5}.Release|Any CPU.ActiveCfg = Release|x86
		{7ED0C250-A783-40B2-912E-4A4C222C4CE5}.Release|Mixed Platforms.ActiveCfg = Release|x86
		{7ED0C250-A783-40B2-912E-4A4C222C4CE5}.Release|Windows Phone.ActiveCfg = Release|x86
		{7ED0C250-A783-40B2-912E-4A4C222C4CE5}.Release|x86.ActiveCfg = Release|x86
		{7ED0C250-A783-40B2-912E-4A4C222C4CE5}.SingleImage|Any CPU.ActiveCfg = Release|x86
		{7ED0C250-A783-40B2-912E-4A4C222C4CE5}.SingleImage|Mixed Platforms.ActiveCfg = Release|x86
		{7ED0C250-A783-40B2-912E-4A4C222C4CE5}.SingleImage|Windows Phone.ActiveCfg = Release|x86
		{7ED0C250-A783-40B2-912E-4A4C222C4CE5}.SingleImage|x86.ActiveCfg = Release|x86
		{D8E39357-DDD4-45A2-820C-32411E409A2A}.CD_ROM|Any CPU.ActiveCfg = Release|x86
		{D8E39357-DDD4-45A2-820C-32411E409A2A}.CD_ROM|Mixed Platforms.ActiveCfg = Release|x86
		{D8E39357-DDD4-45A2-820C-32411E409A2A}.CD_ROM|Mixed Platforms.Build.0 = Release|x86
		{D8E39357-DDD4-45A2-820C-32411E409A2A}.CD_ROM|Windows Phone.ActiveCfg = Release|x86
		{D8E39357-DDD4-45A2-820C-32411E409A2A}.CD_ROM|x86.ActiveCfg = Release|x86
		{D8E39357-DDD4-45A2-820C-32411E409A2A}.CD_ROM|x86.Build.0 = Release|x86
		{D8E39357-DDD4-45A2-820C-32411E409A2A}.Debug|Any CPU.ActiveCfg = Debug|x86
		{D8E39357-DDD4-45A2-820C-32411E409A2A}.Debug|Mixed Platforms.ActiveCfg = Release|x86
		{D8E39357-DDD4-45A2-820C-32411E409A2A}.Debug|Mixed Platforms.Build.0 = Release|x86
		{D8E39357-DDD4-45A2-820C-32411E409A2A}.Debug|Windows Phone.ActiveCfg = Debug|x86
		{D8E39357-DDD4-45A2-820C-32411E409A2A}.Debug|Windows Phone.Build.0 = Debug|x86
		{D8E39357-DDD4-45A2-820C-32411E409A2A}.Debug|x86.ActiveCfg = Debug|x86
		{D8E39357-DDD4-45A2-820C-32411E409A2A}.Debug|x86.Build.0 = Debug|x86
		{D8E39357-DDD4-45A2-820C-32411E409A2A}.DVD-5|Any CPU.ActiveCfg = Debug|x86
		{D8E39357-DDD4-45A2-820C-32411E409A2A}.DVD-5|Mixed Platforms.ActiveCfg = Debug|x86
		{D8E39357-DDD4-45A2-820C-32411E409A2A}.DVD-5|Mixed Platforms.Build.0 = Debug|x86
		{D8E39357-DDD4-45A2-820C-32411E409A2A}.DVD-5|Windows Phone.ActiveCfg = Debug|x86
		{D8E39357-DDD4-45A2-820C-32411E409A2A}.DVD-5|x86.ActiveCfg = Debug|x86
		{D8E39357-DDD4-45A2-820C-32411E409A2A}.DVD-5|x86.Build.0 = Debug|x86
		{D8E39357-DDD4-45A2-820C-32411E409A2A}.Release|Any CPU.ActiveCfg = Release|x86
		{D8E39357-DDD4-45A2-820C-32411E409A2A}.Release|Mixed Platforms.ActiveCfg = Debug|x86
		{D8E39357-DDD4-45A2-820C-32411E409A2A}.Release|Mixed Platforms.Build.0 = Debug|x86
		{D8E39357-DDD4-45A2-820C-32411E409A2A}.Release|Windows Phone.ActiveCfg = Release|x86
		{D8E39357-DDD4-45A2-820C-32411E409A2A}.Release|Windows Phone.Build.0 = Release|x86
		{D8E39357-DDD4-45A2-820C-32411E409A2A}.Release|x86.ActiveCfg = Release|x86
		{D8E39357-DDD4-45A2-820C-32411E409A2A}.Release|x86.Build.0 = Release|x86
		{D8E39357-DDD4-45A2-820C-32411E409A2A}.SingleImage|Any CPU.ActiveCfg = Release|x86
		{D8E39357-DDD4-45A2-820C-32411E409A2A}.SingleImage|Mixed Platforms.ActiveCfg = Release|x86
		{D8E39357-DDD4-45A2-820C-32411E409A2A}.SingleImage|Mixed Platforms.Build.0 = Release|x86
		{D8E39357-DDD4-45A2-820C-32411E409A2A}.SingleImage|Windows Phone.ActiveCfg = Release|x86
		{D8E39357-DDD4-45A2-820C-32411E409A2A}.SingleImage|x86.ActiveCfg = Release|x86
		{D8E39357-DDD4-45A2-820C-32411E409A2A}.SingleImage|x86.Build.0 = Release|x86
		{4DB11830-D1DC-4BD2-931D-11ADEAFA8BEA}.CD_ROM|Any CPU.ActiveCfg = Release|x86
		{4DB11830-D1DC-4BD2-931D-11ADEAFA8BEA}.CD_ROM|Mixed Platforms.ActiveCfg = Release|x86
		{4DB11830-D1DC-4BD2-931D-11ADEAFA8BEA}.CD_ROM|Windows Phone.ActiveCfg = Release|x86
		{4DB11830-D1DC-4BD2-931D-11ADEAFA8BEA}.CD_ROM|x86.ActiveCfg = Release|x86
		{4DB11830-D1DC-4BD2-931D-11ADEAFA8BEA}.Debug|Any CPU.ActiveCfg = Debug|x86
		{4DB11830-D1DC-4BD2-931D-11ADEAFA8BEA}.Debug|Mixed Platforms.ActiveCfg = Debug|x86
		{4DB11830-D1DC-4BD2-931D-11ADEAFA8BEA}.Debug|Windows Phone.ActiveCfg = Debug|x86
		{4DB11830-D1DC-4BD2-931D-11ADEAFA8BEA}.Debug|x86.ActiveCfg = Debug|x86
		{4DB11830-D1DC-4BD2-931D-11ADEAFA8BEA}.DVD-5|Any CPU.ActiveCfg = Debug|x86
		{4DB11830-D1DC-4BD2-931D-11ADEAFA8BEA}.DVD-5|Mixed Platforms.ActiveCfg = Debug|x86
		{4DB11830-D1DC-4BD2-931D-11ADEAFA8BEA}.DVD-5|Windows Phone.ActiveCfg = Debug|x86
		{4DB11830-D1DC-4BD2-931D-11ADEAFA8BEA}.DVD-5|x86.ActiveCfg = Debug|x86
		{4DB11830-D1DC-4BD2-931D-11ADEAFA8BEA}.Release|Any CPU.ActiveCfg = Release|x86
		{4DB11830-D1DC-4BD2-931D-11ADEAFA8BEA}.Release|Mixed Platforms.ActiveCfg = Release|x86
		{4DB11830-D1DC-4BD2-931D-11ADEAFA8BEA}.Release|Windows Phone.ActiveCfg = Release|x86
		{4DB11830-D1DC-4BD2-931D-11ADEAFA8BEA}.Release|x86.ActiveCfg = Release|x86
		{4DB11830-D1DC-4BD2-931D-11ADEAFA8BEA}.SingleImage|Any CPU.ActiveCfg = Release|x86
		{4DB11830-D1DC-4BD2-931D-11ADEAFA8BEA}.SingleImage|Mixed Platforms.ActiveCfg = Release|x86
		{4DB11830-D1DC-4BD2-931D-11ADEAFA8BEA}.SingleImage|Windows Phone.ActiveCfg = Release|x86
		{4DB11830-D1DC-4BD2-931D-11ADEAFA8BEA}.SingleImage|x86.ActiveCfg = Release|x86
		{3B2319A3-79C2-4F82-AC72-5B13A9D11F50}.CD_ROM|Any CPU.ActiveCfg = Debug|Windows Phone
		{3B2319A3-79C2-4F82-AC72-5B13A9D11F50}.CD_ROM|Mixed Platforms.ActiveCfg = Debug|Windows Phone
		{3B2319A3-79C2-4F82-AC72-5B13A9D11F50}.CD_ROM|Mixed Platforms.Build.0 = Debug|Windows Phone
		{3B2319A3-79C2-4F82-AC72-5B13A9D11F50}.CD_ROM|Windows Phone.ActiveCfg = Debug|Windows Phone
		{3B2319A3-79C2-4F82-AC72-5B13A9D11F50}.CD_ROM|Windows Phone.Build.0 = Debug|Windows Phone
		{3B2319A3-79C2-4F82-AC72-5B13A9D11F50}.CD_ROM|x86.ActiveCfg = Debug|Windows Phone
		{3B2319A3-79C2-4F82-AC72-5B13A9D11F50}.Debug|Any CPU.ActiveCfg = Debug|Windows Phone
		{3B2319A3-79C2-4F82-AC72-5B13A9D11F50}.Debug|Mixed Platforms.ActiveCfg = Release|Windows Phone
		{3B2319A3-79C2-4F82-AC72-5B13A9D11F50}.Debug|Mixed Platforms.Build.0 = Release|Windows Phone
		{3B2319A3-79C2-4F82-AC72-5B13A9D11F50}.Debug|Windows Phone.ActiveCfg = Debug|Windows Phone
		{3B2319A3-79C2-4F82-AC72-5B13A9D11F50}.Debug|Windows Phone.Build.0 = Debug|Windows Phone
		{3B2319A3-79C2-4F82-AC72-5B13A9D11F50}.Debug|Windows Phone.Deploy.0 = Debug|Windows Phone
		{3B2319A3-79C2-4F82-AC72-5B13A9D11F50}.Debug|x86.ActiveCfg = Debug|Windows Phone
		{3B2319A3-79C2-4F82-AC72-5B13A9D11F50}.DVD-5|Any CPU.ActiveCfg = Debug|Windows Phone
		{3B2319A3-79C2-4F82-AC72-5B13A9D11F50}.DVD-5|Mixed Platforms.ActiveCfg = Debug|Windows Phone
		{3B2319A3-79C2-4F82-AC72-5B13A9D11F50}.DVD-5|Mixed Platforms.Build.0 = Debug|Windows Phone
		{3B2319A3-79C2-4F82-AC72-5B13A9D11F50}.DVD-5|Windows Phone.ActiveCfg = Debug|Windows Phone
		{3B2319A3-79C2-4F82-AC72-5B13A9D11F50}.DVD-5|Windows Phone.Build.0 = Debug|Windows Phone
		{3B2319A3-79C2-4F82-AC72-5B13A9D11F50}.DVD-5|x86.ActiveCfg = Debug|Windows Phone
		{3B2319A3-79C2-4F82-AC72-5B13A9D11F50}.Release|Any CPU.ActiveCfg = Release|Windows Phone
		{3B2319A3-79C2-4F82-AC72-5B13A9D11F50}.Release|Mixed Platforms.ActiveCfg = Release|Windows Phone
		{3B2319A3-79C2-4F82-AC72-5B13A9D11F50}.Release|Mixed Platforms.Build.0 = Release|Windows Phone
		{3B2319A3-79C2-4F82-AC72-5B13A9D11F50}.Release|Mixed Platforms.Deploy.0 = Release|Windows Phone
		{3B2319A3-79C2-4F82-AC72-5B13A9D11F50}.Release|Windows Phone.ActiveCfg = Release|Windows Phone
		{3B2319A3-79C2-4F82-AC72-5B13A9D11F50}.Release|Windows Phone.Build.0 = Release|Windows Phone
		{3B2319A3-79C2-4F82-AC72-5B13A9D11F50}.Release|Windows Phone.Deploy.0 = Release|Windows Phone
		{3B2319A3-79C2-4F82-AC72-5B13A9D11F50}.Release|x86.ActiveCfg = Release|Windows Phone
		{3B2319A3-79C2-4F82-AC72-5B13A9D11F50}.SingleImage|Any CPU.ActiveCfg = Debug|Windows Phone
		{3B2319A3-79C2-4F82-AC72-5B13A9D11F50}.SingleImage|Mixed Platforms.ActiveCfg = Debug|Windows Phone
		{3B2319A3-79C2-4F82-AC72-5B13A9D11F50}.SingleImage|Mixed Platforms.Build.0 = Debug|Windows Phone
		{3B2319A3-79C2-4F82-AC72-5B13A9D11F50}.SingleImage|Windows Phone.ActiveCfg = Debug|Windows Phone
		{3B2319A3-79C2-4F82-AC72-5B13A9D11F50}.SingleImage|Windows Phone.Build.0 = Debug|Windows Phone
		{3B2319A3-79C2-4F82-AC72-5B13A9D11F50}.SingleImage|x86.ActiveCfg = Debug|Windows Phone
		{7800E79F-72D2-4EF7-80A2-5CBA42193B2F}.CD_ROM|Any CPU.ActiveCfg = Release|Windows Phone
		{7800E79F-72D2-4EF7-80A2-5CBA42193B2F}.CD_ROM|Mixed Platforms.ActiveCfg = Release|Windows Phone
		{7800E79F-72D2-4EF7-80A2-5CBA42193B2F}.CD_ROM|Mixed Platforms.Build.0 = Release|Windows Phone
		{7800E79F-72D2-4EF7-80A2-5CBA42193B2F}.CD_ROM|Mixed Platforms.Deploy.0 = Release|Windows Phone
		{7800E79F-72D2-4EF7-80A2-5CBA42193B2F}.CD_ROM|Windows Phone.ActiveCfg = Release|Windows Phone
		{7800E79F-72D2-4EF7-80A2-5CBA42193B2F}.CD_ROM|Windows Phone.Build.0 = Release|Windows Phone
		{7800E79F-72D2-4EF7-80A2-5CBA42193B2F}.CD_ROM|Windows Phone.Deploy.0 = Release|Windows Phone
		{7800E79F-72D2-4EF7-80A2-5CBA42193B2F}.CD_ROM|x86.ActiveCfg = Release|Windows Phone
		{7800E79F-72D2-4EF7-80A2-5CBA42193B2F}.Debug|Any CPU.ActiveCfg = Debug|Windows Phone
		{7800E79F-72D2-4EF7-80A2-5CBA42193B2F}.Debug|Mixed Platforms.ActiveCfg = Release|Windows Phone
		{7800E79F-72D2-4EF7-80A2-5CBA42193B2F}.Debug|Mixed Platforms.Build.0 = Release|Windows Phone
		{7800E79F-72D2-4EF7-80A2-5CBA42193B2F}.Debug|Mixed Platforms.Deploy.0 = Release|Windows Phone
		{7800E79F-72D2-4EF7-80A2-5CBA42193B2F}.Debug|Windows Phone.ActiveCfg = Debug|Windows Phone
		{7800E79F-72D2-4EF7-80A2-5CBA42193B2F}.Debug|Windows Phone.Build.0 = Debug|Windows Phone
		{7800E79F-72D2-4EF7-80A2-5CBA42193B2F}.Debug|Windows Phone.Deploy.0 = Debug|Windows Phone
		{7800E79F-72D2-4EF7-80A2-5CBA42193B2F}.Debug|x86.ActiveCfg = Debug|Windows Phone
		{7800E79F-72D2-4EF7-80A2-5CBA42193B2F}.DVD-5|Any CPU.ActiveCfg = Debug|Windows Phone
		{7800E79F-72D2-4EF7-80A2-5CBA42193B2F}.DVD-5|Mixed Platforms.ActiveCfg = Debug|Windows Phone
		{7800E79F-72D2-4EF7-80A2-5CBA42193B2F}.DVD-5|Mixed Platforms.Build.0 = Debug|Windows Phone
		{7800E79F-72D2-4EF7-80A2-5CBA42193B2F}.DVD-5|Mixed Platforms.Deploy.0 = Debug|Windows Phone
		{7800E79F-72D2-4EF7-80A2-5CBA42193B2F}.DVD-5|Windows Phone.ActiveCfg = Debug|Windows Phone
		{7800E79F-72D2-4EF7-80A2-5CBA42193B2F}.DVD-5|Windows Phone.Build.0 = Debug|Windows Phone
		{7800E79F-72D2-4EF7-80A2-5CBA42193B2F}.DVD-5|Windows Phone.Deploy.0 = Debug|Windows Phone
		{7800E79F-72D2-4EF7-80A2-5CBA42193B2F}.DVD-5|x86.ActiveCfg = Debug|Windows Phone
		{7800E79F-72D2-4EF7-80A2-5CBA42193B2F}.Release|Any CPU.ActiveCfg = Release|Windows Phone
		{7800E79F-72D2-4EF7-80A2-5CBA42193B2F}.Release|Mixed Platforms.ActiveCfg = Release|Windows Phone
		{7800E79F-72D2-4EF7-80A2-5CBA42193B2F}.Release|Mixed Platforms.Build.0 = Release|Windows Phone
		{7800E79F-72D2-4EF7-80A2-5CBA42193B2F}.Release|Mixed Platforms.Deploy.0 = Release|Windows Phone
		{7800E79F-72D2-4EF7-80A2-5CBA42193B2F}.Release|Windows Phone.ActiveCfg = Release|Windows Phone
		{7800E79F-72D2-4EF7-80A2-5CBA42193B2F}.Release|Windows Phone.Build.0 = Release|Windows Phone
		{7800E79F-72D2-4EF7-80A2-5CBA42193B2F}.Release|Windows Phone.Deploy.0 = Release|Windows Phone
		{7800E79F-72D2-4EF7-80A2-5CBA42193B2F}.Release|x86.ActiveCfg = Release|Windows Phone
		{7800E79F-72D2-4EF7-80A2-5CBA42193B2F}.SingleImage|Any CPU.ActiveCfg = Release|Windows Phone
		{7800E79F-72D2-4EF7-80A2-5CBA42193B2F}.SingleImage|Mixed Platforms.ActiveCfg = Release|Windows Phone
		{7800E79F-72D2-4EF7-80A2-5CBA42193B2F}.SingleImage|Mixed Platforms.Build.0 = Release|Windows Phone
		{7800E79F-72D2-4EF7-80A2-5CBA42193B2F}.SingleImage|Mixed Platforms.Deploy.0 = Release|Windows Phone
		{7800E79F-72D2-4EF7-80A2-5CBA42193B2F}.SingleImage|Windows Phone.ActiveCfg = Release|Windows Phone
		{7800E79F-72D2-4EF7-80A2-5CBA42193B2F}.SingleImage|Windows Phone.Build.0 = Release|Windows Phone
		{7800E79F-72D2-4EF7-80A2-5CBA42193B2F}.SingleImage|Windows Phone.Deploy.0 = Release|Windows Phone
		{7800E79F-72D2-4EF7-80A2-5CBA42193B2F}.SingleImage|x86.ActiveCfg = Release|Windows Phone
		{9D42BEA1-2F84-4EF2-BF94-3FE38A494E58}.CD_ROM|Any CPU.ActiveCfg = Release|Windows Phone
		{9D42BEA1-2F84-4EF2-BF94-3FE38A494E58}.CD_ROM|Mixed Platforms.ActiveCfg = Release|Windows Phone
		{9D42BEA1-2F84-4EF2-BF94-3FE38A494E58}.CD_ROM|Windows Phone.ActiveCfg = Release|Windows Phone
		{9D42BEA1-2F84-4EF2-BF94-3FE38A494E58}.CD_ROM|x86.ActiveCfg = Release|Windows Phone
		{9D42BEA1-2F84-4EF2-BF94-3FE38A494E58}.Debug|Any CPU.ActiveCfg = Debug|Windows Phone
		{9D42BEA1-2F84-4EF2-BF94-3FE38A494E58}.Debug|Mixed Platforms.ActiveCfg = Debug|Windows Phone
		{9D42BEA1-2F84-4EF2-BF94-3FE38A494E58}.Debug|Windows Phone.ActiveCfg = Debug|Windows Phone
		{9D42BEA1-2F84-4EF2-BF94-3FE38A494E58}.Debug|x86.ActiveCfg = Debug|Windows Phone
		{9D42BEA1-2F84-4EF2-BF94-3FE38A494E58}.DVD-5|Any CPU.ActiveCfg = Debug|Windows Phone
		{9D42BEA1-2F84-4EF2-BF94-3FE38A494E58}.DVD-5|Mixed Platforms.ActiveCfg = Debug|Windows Phone
		{9D42BEA1-2F84-4EF2-BF94-3FE38A494E58}.DVD-5|Windows Phone.ActiveCfg = Debug|Windows Phone
		{9D42BEA1-2F84-4EF2-BF94-3FE38A494E58}.DVD-5|x86.ActiveCfg = Debug|Windows Phone
		{9D42BEA1-2F84-4EF2-BF94-3FE38A494E58}.Release|Any CPU.ActiveCfg = Release|Windows Phone
		{9D42BEA1-2F84-4EF2-BF94-3FE38A494E58}.Release|Mixed Platforms.ActiveCfg = Release|Windows Phone
		{9D42BEA1-2F84-4EF2-BF94-3FE38A494E58}.Release|Windows Phone.ActiveCfg = Release|Windows Phone
		{9D42BEA1-2F84-4EF2-BF94-3FE38A494E58}.Release|x86.ActiveCfg = Release|Windows Phone
		{9D42BEA1-2F84-4EF2-BF94-3FE38A494E58}.SingleImage|Any CPU.ActiveCfg = Release|Windows Phone
		{9D42BEA1-2F84-4EF2-BF94-3FE38A494E58}.SingleImage|Mixed Platforms.ActiveCfg = Release|Windows Phone
		{9D42BEA1-2F84-4EF2-BF94-3FE38A494E58}.SingleImage|Windows Phone.ActiveCfg = Release|Windows Phone
		{9D42BEA1-2F84-4EF2-BF94-3FE38A494E58}.SingleImage|x86.ActiveCfg = Release|Windows Phone
		{D45AAD1D-4A78-46F8-B21D-A5F222ECEFFB}.CD_ROM|Any CPU.ActiveCfg = Debug|Any CPU
		{D45AAD1D-4A78-46F8-B21D-A5F222ECEFFB}.CD_ROM|Mixed Platforms.ActiveCfg = Debug|Any CPU
		{D45AAD1D-4A78-46F8-B21D-A5F222ECEFFB}.CD_ROM|Windows Phone.ActiveCfg = Debug|Any CPU
		{D45AAD1D-4A78-46F8-B21D-A5F222ECEFFB}.CD_ROM|x86.ActiveCfg = Debug|Any CPU
		{D45AAD1D-4A78-46F8-B21D-A5F222ECEFFB}.Debug|Any CPU.ActiveCfg = Debug|Any CPU
		{D45AAD1D-4A78-46F8-B21D-A5F222ECEFFB}.Debug|Mixed Platforms.ActiveCfg = Debug|Any CPU
		{D45AAD1D-4A78-46F8-B21D-A5F222ECEFFB}.Debug|Windows Phone.ActiveCfg = Debug|Any CPU
		{D45AAD1D-4A78-46F8-B21D-A5F222ECEFFB}.Debug|x86.ActiveCfg = Debug|Any CPU
		{D45AAD1D-4A78-46F8-B21D-A5F222ECEFFB}.DVD-5|Any CPU.ActiveCfg = Debug|Any CPU
		{D45AAD1D-4A78-46F8-B21D-A5F222ECEFFB}.DVD-5|Mixed Platforms.ActiveCfg = Debug|Any CPU
		{D45AAD1D-4A78-46F8-B21D-A5F222ECEFFB}.DVD-5|Windows Phone.ActiveCfg = Debug|Any CPU
		{D45AAD1D-4A78-46F8-B21D-A5F222ECEFFB}.DVD-5|x86.ActiveCfg = Debug|Any CPU
		{D45AAD1D-4A78-46F8-B21D-A5F222ECEFFB}.Release|Any CPU.ActiveCfg = Debug|Any CPU
		{D45AAD1D-4A78-46F8-B21D-A5F222ECEFFB}.Release|Mixed Platforms.ActiveCfg = Debug|Any CPU
		{D45AAD1D-4A78-46F8-B21D-A5F222ECEFFB}.Release|Windows Phone.ActiveCfg = Debug|Any CPU
		{D45AAD1D-4A78-46F8-B21D-A5F222ECEFFB}.Release|x86.ActiveCfg = Debug|Any CPU
		{D45AAD1D-4A78-46F8-B21D-A5F222ECEFFB}.SingleImage|Any CPU.ActiveCfg = Debug|Any CPU
		{D45AAD1D-4A78-46F8-B21D-A5F222ECEFFB}.SingleImage|Mixed Platforms.ActiveCfg = Debug|Any CPU
		{D45AAD1D-4A78-46F8-B21D-A5F222ECEFFB}.SingleImage|Windows Phone.ActiveCfg = Debug|Any CPU
		{D45AAD1D-4A78-46F8-B21D-A5F222ECEFFB}.SingleImage|x86.ActiveCfg = Debug|Any CPU
		{67A4EBD5-7080-4CFE-9A36-2378EFF2FCCC}.CD_ROM|Any CPU.ActiveCfg = CD_ROM
		{67A4EBD5-7080-4CFE-9A36-2378EFF2FCCC}.CD_ROM|Any CPU.Build.0 = CD_ROM
		{67A4EBD5-7080-4CFE-9A36-2378EFF2FCCC}.CD_ROM|Mixed Platforms.ActiveCfg = CD_ROM
		{67A4EBD5-7080-4CFE-9A36-2378EFF2FCCC}.CD_ROM|Mixed Platforms.Build.0 = CD_ROM
		{67A4EBD5-7080-4CFE-9A36-2378EFF2FCCC}.CD_ROM|Windows Phone.ActiveCfg = CD_ROM
		{67A4EBD5-7080-4CFE-9A36-2378EFF2FCCC}.CD_ROM|Windows Phone.Build.0 = CD_ROM
		{67A4EBD5-7080-4CFE-9A36-2378EFF2FCCC}.CD_ROM|x86.ActiveCfg = CD_ROM
		{67A4EBD5-7080-4CFE-9A36-2378EFF2FCCC}.CD_ROM|x86.Build.0 = CD_ROM
		{67A4EBD5-7080-4CFE-9A36-2378EFF2FCCC}.Debug|Any CPU.ActiveCfg = DVD-5
		{67A4EBD5-7080-4CFE-9A36-2378EFF2FCCC}.Debug|Any CPU.Build.0 = DVD-5
		{67A4EBD5-7080-4CFE-9A36-2378EFF2FCCC}.Debug|Mixed Platforms.ActiveCfg = DVD-5
		{67A4EBD5-7080-4CFE-9A36-2378EFF2FCCC}.Debug|Mixed Platforms.Build.0 = DVD-5
		{67A4EBD5-7080-4CFE-9A36-2378EFF2FCCC}.Debug|Windows Phone.ActiveCfg = DVD-5
		{67A4EBD5-7080-4CFE-9A36-2378EFF2FCCC}.Debug|Windows Phone.Build.0 = DVD-5
		{67A4EBD5-7080-4CFE-9A36-2378EFF2FCCC}.Debug|x86.ActiveCfg = DVD-5
		{67A4EBD5-7080-4CFE-9A36-2378EFF2FCCC}.Debug|x86.Build.0 = DVD-5
		{67A4EBD5-7080-4CFE-9A36-2378EFF2FCCC}.DVD-5|Any CPU.ActiveCfg = DVD-5
		{67A4EBD5-7080-4CFE-9A36-2378EFF2FCCC}.DVD-5|Any CPU.Build.0 = DVD-5
		{67A4EBD5-7080-4CFE-9A36-2378EFF2FCCC}.DVD-5|Mixed Platforms.ActiveCfg = DVD-5
		{67A4EBD5-7080-4CFE-9A36-2378EFF2FCCC}.DVD-5|Mixed Platforms.Build.0 = DVD-5
		{67A4EBD5-7080-4CFE-9A36-2378EFF2FCCC}.DVD-5|Windows Phone.ActiveCfg = DVD-5
		{67A4EBD5-7080-4CFE-9A36-2378EFF2FCCC}.DVD-5|Windows Phone.Build.0 = DVD-5
		{67A4EBD5-7080-4CFE-9A36-2378EFF2FCCC}.DVD-5|x86.ActiveCfg = DVD-5
		{67A4EBD5-7080-4CFE-9A36-2378EFF2FCCC}.DVD-5|x86.Build.0 = DVD-5
		{67A4EBD5-7080-4CFE-9A36-2378EFF2FCCC}.Release|Any CPU.ActiveCfg = SingleImage
		{67A4EBD5-7080-4CFE-9A36-2378EFF2FCCC}.Release|Any CPU.Build.0 = SingleImage
		{67A4EBD5-7080-4CFE-9A36-2378EFF2FCCC}.Release|Mixed Platforms.ActiveCfg = SingleImage
		{67A4EBD5-7080-4CFE-9A36-2378EFF2FCCC}.Release|Mixed Platforms.Build.0 = SingleImage
		{67A4EBD5-7080-4CFE-9A36-2378EFF2FCCC}.Release|Windows Phone.ActiveCfg = SingleImage
		{67A4EBD5-7080-4CFE-9A36-2378EFF2FCCC}.Release|Windows Phone.Build.0 = SingleImage
		{67A4EBD5-7080-4CFE-9A36-2378EFF2FCCC}.Release|x86.ActiveCfg = SingleImage
		{67A4EBD5-7080-4CFE-9A36-2378EFF2FCCC}.Release|x86.Build.0 = SingleImage
		{67A4EBD5-7080-4CFE-9A36-2378EFF2FCCC}.SingleImage|Any CPU.ActiveCfg = SingleImage
		{67A4EBD5-7080-4CFE-9A36-2378EFF2FCCC}.SingleImage|Any CPU.Build.0 = SingleImage
		{67A4EBD5-7080-4CFE-9A36-2378EFF2FCCC}.SingleImage|Mixed Platforms.ActiveCfg = SingleImage
		{67A4EBD5-7080-4CFE-9A36-2378EFF2FCCC}.SingleImage|Mixed Platforms.Build.0 = SingleImage
		{67A4EBD5-7080-4CFE-9A36-2378EFF2FCCC}.SingleImage|Windows Phone.ActiveCfg = SingleImage
		{67A4EBD5-7080-4CFE-9A36-2378EFF2FCCC}.SingleImage|Windows Phone.Build.0 = SingleImage
		{67A4EBD5-7080-4CFE-9A36-2378EFF2FCCC}.SingleImage|x86.ActiveCfg = SingleImage
		{67A4EBD5-7080-4CFE-9A36-2378EFF2FCCC}.SingleImage|x86.Build.0 = SingleImage
		{2B62EE6A-89C6-4AFA-A84D-CD17CC5B26EE}.CD_ROM|Any CPU.ActiveCfg = Release|x86
		{2B62EE6A-89C6-4AFA-A84D-CD17CC5B26EE}.CD_ROM|Mixed Platforms.ActiveCfg = Release|x86
		{2B62EE6A-89C6-4AFA-A84D-CD17CC5B26EE}.CD_ROM|Mixed Platforms.Build.0 = Release|x86
		{2B62EE6A-89C6-4AFA-A84D-CD17CC5B26EE}.CD_ROM|Windows Phone.ActiveCfg = Release|x86
		{2B62EE6A-89C6-4AFA-A84D-CD17CC5B26EE}.CD_ROM|x86.ActiveCfg = Release|x86
		{2B62EE6A-89C6-4AFA-A84D-CD17CC5B26EE}.CD_ROM|x86.Build.0 = Release|x86
		{2B62EE6A-89C6-4AFA-A84D-CD17CC5B26EE}.Debug|Any CPU.ActiveCfg = Debug|x86
		{2B62EE6A-89C6-4AFA-A84D-CD17CC5B26EE}.Debug|Mixed Platforms.ActiveCfg = Release|x86
		{2B62EE6A-89C6-4AFA-A84D-CD17CC5B26EE}.Debug|Mixed Platforms.Build.0 = Release|x86
		{2B62EE6A-89C6-4AFA-A84D-CD17CC5B26EE}.Debug|Windows Phone.ActiveCfg = Debug|x86
		{2B62EE6A-89C6-4AFA-A84D-CD17CC5B26EE}.Debug|x86.ActiveCfg = Debug|x86
		{2B62EE6A-89C6-4AFA-A84D-CD17CC5B26EE}.Debug|x86.Build.0 = Debug|x86
		{2B62EE6A-89C6-4AFA-A84D-CD17CC5B26EE}.DVD-5|Any CPU.ActiveCfg = Debug|x86
		{2B62EE6A-89C6-4AFA-A84D-CD17CC5B26EE}.DVD-5|Mixed Platforms.ActiveCfg = Debug|x86
		{2B62EE6A-89C6-4AFA-A84D-CD17CC5B26EE}.DVD-5|Mixed Platforms.Build.0 = Debug|x86
		{2B62EE6A-89C6-4AFA-A84D-CD17CC5B26EE}.DVD-5|Windows Phone.ActiveCfg = Debug|x86
		{2B62EE6A-89C6-4AFA-A84D-CD17CC5B26EE}.DVD-5|x86.ActiveCfg = Debug|x86
		{2B62EE6A-89C6-4AFA-A84D-CD17CC5B26EE}.DVD-5|x86.Build.0 = Debug|x86
		{2B62EE6A-89C6-4AFA-A84D-CD17CC5B26EE}.Release|Any CPU.ActiveCfg = Release|x86
		{2B62EE6A-89C6-4AFA-A84D-CD17CC5B26EE}.Release|Mixed Platforms.ActiveCfg = Release|x86
		{2B62EE6A-89C6-4AFA-A84D-CD17CC5B26EE}.Release|Mixed Platforms.Build.0 = Release|x86
		{2B62EE6A-89C6-4AFA-A84D-CD17CC5B26EE}.Release|Windows Phone.ActiveCfg = Release|x86
		{2B62EE6A-89C6-4AFA-A84D-CD17CC5B26EE}.Release|x86.ActiveCfg = Release|x86
		{2B62EE6A-89C6-4AFA-A84D-CD17CC5B26EE}.Release|x86.Build.0 = Release|x86
		{2B62EE6A-89C6-4AFA-A84D-CD17CC5B26EE}.SingleImage|Any CPU.ActiveCfg = Release|x86
		{2B62EE6A-89C6-4AFA-A84D-CD17CC5B26EE}.SingleImage|Mixed Platforms.ActiveCfg = Release|x86
		{2B62EE6A-89C6-4AFA-A84D-CD17CC5B26EE}.SingleImage|Mixed Platforms.Build.0 = Release|x86
		{2B62EE6A-89C6-4AFA-A84D-CD17CC5B26EE}.SingleImage|Windows Phone.ActiveCfg = Release|x86
		{2B62EE6A-89C6-4AFA-A84D-CD17CC5B26EE}.SingleImage|x86.ActiveCfg = Release|x86
		{2B62EE6A-89C6-4AFA-A84D-CD17CC5B26EE}.SingleImage|x86.Build.0 = Release|x86
		{B1698752-EB8C-4692-8BCD-2E4768B892E2}.CD_ROM|Any CPU.ActiveCfg = Debug|Any CPU
		{B1698752-EB8C-4692-8BCD-2E4768B892E2}.CD_ROM|Mixed Platforms.ActiveCfg = Debug|Any CPU
		{B1698752-EB8C-4692-8BCD-2E4768B892E2}.CD_ROM|Windows Phone.ActiveCfg = Debug|Any CPU
		{B1698752-EB8C-4692-8BCD-2E4768B892E2}.CD_ROM|x86.ActiveCfg = Debug|Any CPU
		{B1698752-EB8C-4692-8BCD-2E4768B892E2}.Debug|Any CPU.ActiveCfg = Debug|Any CPU
		{B1698752-EB8C-4692-8BCD-2E4768B892E2}.Debug|Mixed Platforms.ActiveCfg = Debug|Any CPU
		{B1698752-EB8C-4692-8BCD-2E4768B892E2}.Debug|Windows Phone.ActiveCfg = Debug|Any CPU
		{B1698752-EB8C-4692-8BCD-2E4768B892E2}.Debug|x86.ActiveCfg = Debug|Any CPU
		{B1698752-EB8C-4692-8BCD-2E4768B892E2}.DVD-5|Any CPU.ActiveCfg = Debug|Any CPU
		{B1698752-EB8C-4692-8BCD-2E4768B892E2}.DVD-5|Mixed Platforms.ActiveCfg = Debug|Any CPU
		{B1698752-EB8C-4692-8BCD-2E4768B892E2}.DVD-5|Windows Phone.ActiveCfg = Debug|Any CPU
		{B1698752-EB8C-4692-8BCD-2E4768B892E2}.DVD-5|x86.ActiveCfg = Debug|Any CPU
		{B1698752-EB8C-4692-8BCD-2E4768B892E2}.Release|Any CPU.ActiveCfg = Debug|Any CPU
		{B1698752-EB8C-4692-8BCD-2E4768B892E2}.Release|Mixed Platforms.ActiveCfg = Debug|Any CPU
		{B1698752-EB8C-4692-8BCD-2E4768B892E2}.Release|Windows Phone.ActiveCfg = Debug|Any CPU
		{B1698752-EB8C-4692-8BCD-2E4768B892E2}.Release|x86.ActiveCfg = Debug|Any CPU
		{B1698752-EB8C-4692-8BCD-2E4768B892E2}.SingleImage|Any CPU.ActiveCfg = Debug|Any CPU
		{B1698752-EB8C-4692-8BCD-2E4768B892E2}.SingleImage|Mixed Platforms.ActiveCfg = Debug|Any CPU
		{B1698752-EB8C-4692-8BCD-2E4768B892E2}.SingleImage|Windows Phone.ActiveCfg = Debug|Any CPU
		{B1698752-EB8C-4692-8BCD-2E4768B892E2}.SingleImage|x86.ActiveCfg = Debug|Any CPU
		{B990BF20-C075-428E-A961-CF6458B55761}.CD_ROM|Any CPU.ActiveCfg = Debug|Windows Phone
		{B990BF20-C075-428E-A961-CF6458B55761}.CD_ROM|Mixed Platforms.ActiveCfg = Debug|Windows Phone
		{B990BF20-C075-428E-A961-CF6458B55761}.CD_ROM|Mixed Platforms.Build.0 = Debug|Windows Phone
		{B990BF20-C075-428E-A961-CF6458B55761}.CD_ROM|Windows Phone.ActiveCfg = Debug|Windows Phone
		{B990BF20-C075-428E-A961-CF6458B55761}.CD_ROM|Windows Phone.Build.0 = Debug|Windows Phone
		{B990BF20-C075-428E-A961-CF6458B55761}.CD_ROM|x86.ActiveCfg = Debug|Windows Phone
		{B990BF20-C075-428E-A961-CF6458B55761}.Debug|Any CPU.ActiveCfg = Debug|Windows Phone
		{B990BF20-C075-428E-A961-CF6458B55761}.Debug|Mixed Platforms.ActiveCfg = Release|Windows Phone
		{B990BF20-C075-428E-A961-CF6458B55761}.Debug|Mixed Platforms.Build.0 = Release|Windows Phone
		{B990BF20-C075-428E-A961-CF6458B55761}.Debug|Windows Phone.ActiveCfg = Debug|Windows Phone
		{B990BF20-C075-428E-A961-CF6458B55761}.Debug|Windows Phone.Build.0 = Debug|Windows Phone
		{B990BF20-C075-428E-A961-CF6458B55761}.Debug|x86.ActiveCfg = Debug|Windows Phone
		{B990BF20-C075-428E-A961-CF6458B55761}.DVD-5|Any CPU.ActiveCfg = Debug|Windows Phone
		{B990BF20-C075-428E-A961-CF6458B55761}.DVD-5|Mixed Platforms.ActiveCfg = Debug|Windows Phone
		{B990BF20-C075-428E-A961-CF6458B55761}.DVD-5|Mixed Platforms.Build.0 = Debug|Windows Phone
		{B990BF20-C075-428E-A961-CF6458B55761}.DVD-5|Windows Phone.ActiveCfg = Debug|Windows Phone
		{B990BF20-C075-428E-A961-CF6458B55761}.DVD-5|Windows Phone.Build.0 = Debug|Windows Phone
		{B990BF20-C075-428E-A961-CF6458B55761}.DVD-5|x86.ActiveCfg = Debug|Windows Phone
		{B990BF20-C075-428E-A961-CF6458B55761}.Release|Any CPU.ActiveCfg = Release|Windows Phone
		{B990BF20-C075-428E-A961-CF6458B55761}.Release|Mixed Platforms.ActiveCfg = Release|Windows Phone
		{B990BF20-C075-428E-A961-CF6458B55761}.Release|Mixed Platforms.Build.0 = Release|Windows Phone
		{B990BF20-C075-428E-A961-CF6458B55761}.Release|Windows Phone.ActiveCfg = Release|Windows Phone
		{B990BF20-C075-428E-A961-CF6458B55761}.Release|Windows Phone.Build.0 = Release|Windows Phone
		{B990BF20-C075-428E-A961-CF6458B55761}.Release|x86.ActiveCfg = Release|Windows Phone
		{B990BF20-C075-428E-A961-CF6458B55761}.SingleImage|Any CPU.ActiveCfg = Debug|Windows Phone
		{B990BF20-C075-428E-A961-CF6458B55761}.SingleImage|Mixed Platforms.ActiveCfg = Debug|Windows Phone
		{B990BF20-C075-428E-A961-CF6458B55761}.SingleImage|Mixed Platforms.Build.0 = Debug|Windows Phone
		{B990BF20-C075-428E-A961-CF6458B55761}.SingleImage|Windows Phone.ActiveCfg = Debug|Windows Phone
		{B990BF20-C075-428E-A961-CF6458B55761}.SingleImage|Windows Phone.Build.0 = Debug|Windows Phone
		{B990BF20-C075-428E-A961-CF6458B55761}.SingleImage|x86.ActiveCfg = Debug|Windows Phone
		{78267474-D9AE-4FBE-B135-7B9C7FEFA5F1}.CD_ROM|Any CPU.ActiveCfg = Release|Any CPU
		{78267474-D9AE-4FBE-B135-7B9C7FEFA5F1}.CD_ROM|Any CPU.Build.0 = Release|Any CPU
		{78267474-D9AE-4FBE-B135-7B9C7FEFA5F1}.CD_ROM|Any CPU.Deploy.0 = Release|Any CPU
		{78267474-D9AE-4FBE-B135-7B9C7FEFA5F1}.CD_ROM|Mixed Platforms.ActiveCfg = Release|Any CPU
		{78267474-D9AE-4FBE-B135-7B9C7FEFA5F1}.CD_ROM|Mixed Platforms.Build.0 = Release|Any CPU
		{78267474-D9AE-4FBE-B135-7B9C7FEFA5F1}.CD_ROM|Mixed Platforms.Deploy.0 = Release|Any CPU
		{78267474-D9AE-4FBE-B135-7B9C7FEFA5F1}.CD_ROM|Windows Phone.ActiveCfg = Release|Any CPU
		{78267474-D9AE-4FBE-B135-7B9C7FEFA5F1}.CD_ROM|x86.ActiveCfg = Release|Any CPU
		{78267474-D9AE-4FBE-B135-7B9C7FEFA5F1}.Debug|Any CPU.ActiveCfg = Debug|Any CPU
		{78267474-D9AE-4FBE-B135-7B9C7FEFA5F1}.Debug|Any CPU.Build.0 = Debug|Any CPU
		{78267474-D9AE-4FBE-B135-7B9C7FEFA5F1}.Debug|Any CPU.Deploy.0 = Debug|Any CPU
		{78267474-D9AE-4FBE-B135-7B9C7FEFA5F1}.Debug|Mixed Platforms.ActiveCfg = Debug|Any CPU
		{78267474-D9AE-4FBE-B135-7B9C7FEFA5F1}.Debug|Mixed Platforms.Build.0 = Debug|Any CPU
		{78267474-D9AE-4FBE-B135-7B9C7FEFA5F1}.Debug|Mixed Platforms.Deploy.0 = Debug|Any CPU
		{78267474-D9AE-4FBE-B135-7B9C7FEFA5F1}.Debug|Windows Phone.ActiveCfg = Debug|Any CPU
		{78267474-D9AE-4FBE-B135-7B9C7FEFA5F1}.Debug|x86.ActiveCfg = Debug|Any CPU
		{78267474-D9AE-4FBE-B135-7B9C7FEFA5F1}.DVD-5|Any CPU.ActiveCfg = Debug|Any CPU
		{78267474-D9AE-4FBE-B135-7B9C7FEFA5F1}.DVD-5|Any CPU.Build.0 = Debug|Any CPU
		{78267474-D9AE-4FBE-B135-7B9C7FEFA5F1}.DVD-5|Any CPU.Deploy.0 = Debug|Any CPU
		{78267474-D9AE-4FBE-B135-7B9C7FEFA5F1}.DVD-5|Mixed Platforms.ActiveCfg = Debug|Any CPU
		{78267474-D9AE-4FBE-B135-7B9C7FEFA5F1}.DVD-5|Mixed Platforms.Build.0 = Debug|Any CPU
		{78267474-D9AE-4FBE-B135-7B9C7FEFA5F1}.DVD-5|Mixed Platforms.Deploy.0 = Debug|Any CPU
		{78267474-D9AE-4FBE-B135-7B9C7FEFA5F1}.DVD-5|Windows Phone.ActiveCfg = Debug|Any CPU
		{78267474-D9AE-4FBE-B135-7B9C7FEFA5F1}.DVD-5|x86.ActiveCfg = Debug|Any CPU
		{78267474-D9AE-4FBE-B135-7B9C7FEFA5F1}.Release|Any CPU.ActiveCfg = Release|Any CPU
		{78267474-D9AE-4FBE-B135-7B9C7FEFA5F1}.Release|Any CPU.Build.0 = Release|Any CPU
		{78267474-D9AE-4FBE-B135-7B9C7FEFA5F1}.Release|Any CPU.Deploy.0 = Release|Any CPU
		{78267474-D9AE-4FBE-B135-7B9C7FEFA5F1}.Release|Mixed Platforms.ActiveCfg = Release|Any CPU
		{78267474-D9AE-4FBE-B135-7B9C7FEFA5F1}.Release|Mixed Platforms.Build.0 = Release|Any CPU
		{78267474-D9AE-4FBE-B135-7B9C7FEFA5F1}.Release|Mixed Platforms.Deploy.0 = Release|Any CPU
		{78267474-D9AE-4FBE-B135-7B9C7FEFA5F1}.Release|Windows Phone.ActiveCfg = Release|Any CPU
		{78267474-D9AE-4FBE-B135-7B9C7FEFA5F1}.Release|x86.ActiveCfg = Release|Any CPU
		{78267474-D9AE-4FBE-B135-7B9C7FEFA5F1}.SingleImage|Any CPU.ActiveCfg = Release|Any CPU
		{78267474-D9AE-4FBE-B135-7B9C7FEFA5F1}.SingleImage|Any CPU.Build.0 = Release|Any CPU
		{78267474-D9AE-4FBE-B135-7B9C7FEFA5F1}.SingleImage|Any CPU.Deploy.0 = Release|Any CPU
		{78267474-D9AE-4FBE-B135-7B9C7FEFA5F1}.SingleImage|Mixed Platforms.ActiveCfg = Release|Any CPU
		{78267474-D9AE-4FBE-B135-7B9C7FEFA5F1}.SingleImage|Mixed Platforms.Build.0 = Release|Any CPU
		{78267474-D9AE-4FBE-B135-7B9C7FEFA5F1}.SingleImage|Mixed Platforms.Deploy.0 = Release|Any CPU
		{78267474-D9AE-4FBE-B135-7B9C7FEFA5F1}.SingleImage|Windows Phone.ActiveCfg = Release|Any CPU
		{78267474-D9AE-4FBE-B135-7B9C7FEFA5F1}.SingleImage|x86.ActiveCfg = Release|Any CPU
		{5080C6EF-C571-4C8B-A2CD-4AAB942A999E}.CD_ROM|Any CPU.ActiveCfg = Release|Windows Phone
		{5080C6EF-C571-4C8B-A2CD-4AAB942A999E}.CD_ROM|Mixed Platforms.ActiveCfg = Release|Windows Phone
		{5080C6EF-C571-4C8B-A2CD-4AAB942A999E}.CD_ROM|Mixed Platforms.Build.0 = Release|Windows Phone
		{5080C6EF-C571-4C8B-A2CD-4AAB942A999E}.CD_ROM|Windows Phone.ActiveCfg = Release|Windows Phone
		{5080C6EF-C571-4C8B-A2CD-4AAB942A999E}.CD_ROM|Windows Phone.Build.0 = Release|Windows Phone
		{5080C6EF-C571-4C8B-A2CD-4AAB942A999E}.CD_ROM|x86.ActiveCfg = Release|Windows Phone
		{5080C6EF-C571-4C8B-A2CD-4AAB942A999E}.Debug|Any CPU.ActiveCfg = Debug|Windows Phone
		{5080C6EF-C571-4C8B-A2CD-4AAB942A999E}.Debug|Mixed Platforms.ActiveCfg = Debug|Windows Phone
		{5080C6EF-C571-4C8B-A2CD-4AAB942A999E}.Debug|Mixed Platforms.Build.0 = Debug|Windows Phone
		{5080C6EF-C571-4C8B-A2CD-4AAB942A999E}.Debug|Windows Phone.ActiveCfg = Debug|Windows Phone
		{5080C6EF-C571-4C8B-A2CD-4AAB942A999E}.Debug|Windows Phone.Build.0 = Debug|Windows Phone
		{5080C6EF-C571-4C8B-A2CD-4AAB942A999E}.Debug|x86.ActiveCfg = Debug|Windows Phone
		{5080C6EF-C571-4C8B-A2CD-4AAB942A999E}.DVD-5|Any CPU.ActiveCfg = Debug|Windows Phone
		{5080C6EF-C571-4C8B-A2CD-4AAB942A999E}.DVD-5|Mixed Platforms.ActiveCfg = Debug|Windows Phone
		{5080C6EF-C571-4C8B-A2CD-4AAB942A999E}.DVD-5|Mixed Platforms.Build.0 = Debug|Windows Phone
		{5080C6EF-C571-4C8B-A2CD-4AAB942A999E}.DVD-5|Windows Phone.ActiveCfg = Debug|Windows Phone
		{5080C6EF-C571-4C8B-A2CD-4AAB942A999E}.DVD-5|Windows Phone.Build.0 = Debug|Windows Phone
		{5080C6EF-C571-4C8B-A2CD-4AAB942A999E}.DVD-5|x86.ActiveCfg = Debug|Windows Phone
		{5080C6EF-C571-4C8B-A2CD-4AAB942A999E}.Release|Any CPU.ActiveCfg = Release|Windows Phone
		{5080C6EF-C571-4C8B-A2CD-4AAB942A999E}.Release|Mixed Platforms.ActiveCfg = Release|Windows Phone
		{5080C6EF-C571-4C8B-A2CD-4AAB942A999E}.Release|Mixed Platforms.Build.0 = Release|Windows Phone
		{5080C6EF-C571-4C8B-A2CD-4AAB942A999E}.Release|Windows Phone.ActiveCfg = Release|Windows Phone
		{5080C6EF-C571-4C8B-A2CD-4AAB942A999E}.Release|Windows Phone.Build.0 = Release|Windows Phone
		{5080C6EF-C571-4C8B-A2CD-4AAB942A999E}.Release|x86.ActiveCfg = Release|Windows Phone
		{5080C6EF-C571-4C8B-A2CD-4AAB942A999E}.SingleImage|Any CPU.ActiveCfg = Release|Windows Phone
		{5080C6EF-C571-4C8B-A2CD-4AAB942A999E}.SingleImage|Mixed Platforms.ActiveCfg = Release|Windows Phone
		{5080C6EF-C571-4C8B-A2CD-4AAB942A999E}.SingleImage|Mixed Platforms.Build.0 = Release|Windows Phone
		{5080C6EF-C571-4C8B-A2CD-4AAB942A999E}.SingleImage|Windows Phone.ActiveCfg = Release|Windows Phone
		{5080C6EF-C571-4C8B-A2CD-4AAB942A999E}.SingleImage|Windows Phone.Build.0 = Release|Windows Phone
		{5080C6EF-C571-4C8B-A2CD-4AAB942A999E}.SingleImage|x86.ActiveCfg = Release|Windows Phone
		{8879CC64-F366-4DD4-ABDB-4CB24F732D37}.CD_ROM|Any CPU.ActiveCfg = Debug|Any CPU
		{8879CC64-F366-4DD4-ABDB-4CB24F732D37}.CD_ROM|Mixed Platforms.ActiveCfg = Debug|Any CPU
		{8879CC64-F366-4DD4-ABDB-4CB24F732D37}.CD_ROM|Windows Phone.ActiveCfg = Debug|Any CPU
		{8879CC64-F366-4DD4-ABDB-4CB24F732D37}.CD_ROM|x86.ActiveCfg = Debug|Any CPU
		{8879CC64-F366-4DD4-ABDB-4CB24F732D37}.Debug|Any CPU.ActiveCfg = Debug|Any CPU
		{8879CC64-F366-4DD4-ABDB-4CB24F732D37}.Debug|Mixed Platforms.ActiveCfg = Debug|Any CPU
		{8879CC64-F366-4DD4-ABDB-4CB24F732D37}.Debug|Windows Phone.ActiveCfg = Debug|Any CPU
		{8879CC64-F366-4DD4-ABDB-4CB24F732D37}.Debug|x86.ActiveCfg = Debug|Any CPU
		{8879CC64-F366-4DD4-ABDB-4CB24F732D37}.DVD-5|Any CPU.ActiveCfg = Debug|Any CPU
		{8879CC64-F366-4DD4-ABDB-4CB24F732D37}.DVD-5|Mixed Platforms.ActiveCfg = Debug|Any CPU
		{8879CC64-F366-4DD4-ABDB-4CB24F732D37}.DVD-5|Windows Phone.ActiveCfg = Debug|Any CPU
		{8879CC64-F366-4DD4-ABDB-4CB24F732D37}.DVD-5|x86.ActiveCfg = Debug|Any CPU
		{8879CC64-F366-4DD4-ABDB-4CB24F732D37}.Release|Any CPU.ActiveCfg = Debug|Any CPU
		{8879CC64-F366-4DD4-ABDB-4CB24F732D37}.Release|Mixed Platforms.ActiveCfg = Debug|Any CPU
		{8879CC64-F366-4DD4-ABDB-4CB24F732D37}.Release|Windows Phone.ActiveCfg = Debug|Any CPU
		{8879CC64-F366-4DD4-ABDB-4CB24F732D37}.Release|x86.ActiveCfg = Debug|Any CPU
		{8879CC64-F366-4DD4-ABDB-4CB24F732D37}.SingleImage|Any CPU.ActiveCfg = Debug|Any CPU
		{8879CC64-F366-4DD4-ABDB-4CB24F732D37}.SingleImage|Mixed Platforms.ActiveCfg = Debug|Any CPU
		{8879CC64-F366-4DD4-ABDB-4CB24F732D37}.SingleImage|Windows Phone.ActiveCfg = Debug|Any CPU
		{8879CC64-F366-4DD4-ABDB-4CB24F732D37}.SingleImage|x86.ActiveCfg = Debug|Any CPU
	EndGlobalSection
	GlobalSection(SolutionProperties) = preSolution
		HideSolutionNode = FALSE
	EndGlobalSection
EndGlobal
