
Microsoft Visual Studio Solution File, Format Version 11.00
# Visual Studio 2010
Project("{FAE04EC0-301F-11D3-BF4B-00C04F79EFBC}") = "PloobsEngine", "PloobsEngine\PloobsEngine\PloobsEngine.csproj", "{1D050978-A350-47A8-B495-090DF10242B2}"
EndProject
Project("{96E2B04D-8817-42C6-938A-82C39BA4D311}") = "PloobsEngineContent", "PloobsEngine\PloobsEngineContent\PloobsEngineContent.contentproj", "{7ED0C250-A783-40B2-912E-4A4C222C4CE5}"
EndProject
Global
	GlobalSection(SolutionConfigurationPlatforms) = preSolution
		Debug|x86 = Debug|x86
		Release|x86 = Release|x86
	EndGlobalSection
	GlobalSection(ProjectConfigurationPlatforms) = postSolution
		{1D050978-A350-47A8-B495-090DF10242B2}.Debug|x86.ActiveCfg = Debug|x86
		{1D050978-A350-47A8-B495-090DF10242B2}.Debug|x86.Build.0 = Debug|x86
		{1D050978-A350-47A8-B495-090DF10242B2}.Release|x86.ActiveCfg = Release|x86
		{1D050978-A350-47A8-B495-090DF10242B2}.Release|x86.Build.0 = Release|x86
		{7ED0C250-A783-40B2-912E-4A4C222C4CE5}.Debug|x86.ActiveCfg = Debug|x86
		{7ED0C250-A783-40B2-912E-4A4C222C4CE5}.Release|x86.ActiveCfg = Release|x86
	EndGlobalSection
	GlobalSection(SolutionProperties) = preSolution
		HideSolutionNode = FALSE
	EndGlobalSection
EndGlobal
