
Microsoft Visual Studio Solution File, Format Version 11.00
# Visual Studio 2010
Project("{6141683F-8A12-4E36-9623-2EB02B2C2303}") = "PloobsInstaller", "PloobsInstaller.isproj", "{4B114F85-21B9-462E-B731-9DF451562418}"
EndProject
Global
	GlobalSection(SolutionConfigurationPlatforms) = preSolution
		CD_ROM|Default = CD_ROM|Default
		DVD-5|Default = DVD-5|Default
		SingleImage|Default = SingleImage|Default
	EndGlobalSection
	GlobalSection(ProjectConfigurationPlatforms) = postSolution
		{4B114F85-21B9-462E-B731-9DF451562418}.CD_ROM|Default.ActiveCfg = CD_ROM
		{4B114F85-21B9-462E-B731-9DF451562418}.CD_ROM|Default.Build.0 = CD_ROM
		{4B114F85-21B9-462E-B731-9DF451562418}.DVD-5|Default.ActiveCfg = DVD-5
		{4B114F85-21B9-462E-B731-9DF451562418}.DVD-5|Default.Build.0 = DVD-5
		{4B114F85-21B9-462E-B731-9DF451562418}.SingleImage|Default.ActiveCfg = SingleImage
		{4B114F85-21B9-462E-B731-9DF451562418}.SingleImage|Default.Build.0 = SingleImage
	EndGlobalSection
	GlobalSection(SolutionProperties) = preSolution
		HideSolutionNode = FALSE
	EndGlobalSection
EndGlobal
