
Microsoft Visual Studio Solution File, Format Version 11.00
# Visual Studio 2010 Express for Windows Phone
Project("{FAE04EC0-301F-11D3-BF4B-00C04F79EFBC}") = "GraphicsApp1", "GraphicsApp1\GraphicsApp1.csproj", "{78267474-D9AE-4FBE-B135-7B9C7FEFA5F1}"
EndProject
Project("{FAE04EC0-301F-11D3-BF4B-00C04F79EFBC}") = "GraphicsApp1Library", "GraphicsApp1Library\GraphicsApp1Library.csproj", "{5080C6EF-C571-4C8B-A2CD-4AAB942A999E}"
EndProject
Project("{FAE04EC0-301F-11D3-BF4B-00C04F79EFBC}") = "GraphicsApp1LibraryContent", "GraphicsApp1LibraryContent\GraphicsApp1LibraryContent.contentproj", "{8879CC64-F366-4DD4-ABDB-4CB24F732D37}"
EndProject
Global
	GlobalSection(SolutionConfigurationPlatforms) = preSolution
		Debug|Any CPU = Debug|Any CPU
		Debug|Mixed Platforms = Debug|Mixed Platforms
		Debug|Windows Phone = Debug|Windows Phone
		Release|Any CPU = Release|Any CPU
		Release|Mixed Platforms = Release|Mixed Platforms
		Release|Windows Phone = Release|Windows Phone
	EndGlobalSection
	GlobalSection(ProjectConfigurationPlatforms) = postSolution
		{78267474-D9AE-4FBE-B135-7B9C7FEFA5F1}.Debug|Any CPU.ActiveCfg = Debug|Any CPU
		{78267474-D9AE-4FBE-B135-7B9C7FEFA5F1}.Debug|Any CPU.Build.0 = Debug|Any CPU
		{78267474-D9AE-4FBE-B135-7B9C7FEFA5F1}.Debug|Any CPU.Deploy.0 = Debug|Any CPU
		{78267474-D9AE-4FBE-B135-7B9C7FEFA5F1}.Debug|Mixed Platforms.ActiveCfg = Debug|Any CPU
		{78267474-D9AE-4FBE-B135-7B9C7FEFA5F1}.Debug|Mixed Platforms.Build.0 = Debug|Any CPU
		{78267474-D9AE-4FBE-B135-7B9C7FEFA5F1}.Debug|Mixed Platforms.Deploy.0 = Debug|Any CPU
		{78267474-D9AE-4FBE-B135-7B9C7FEFA5F1}.Debug|Windows Phone.ActiveCfg = Debug|Any CPU
		{78267474-D9AE-4FBE-B135-7B9C7FEFA5F1}.Release|Any CPU.ActiveCfg = Release|Any CPU
		{78267474-D9AE-4FBE-B135-7B9C7FEFA5F1}.Release|Any CPU.Build.0 = Release|Any CPU
		{78267474-D9AE-4FBE-B135-7B9C7FEFA5F1}.Release|Any CPU.Deploy.0 = Release|Any CPU
		{78267474-D9AE-4FBE-B135-7B9C7FEFA5F1}.Release|Mixed Platforms.ActiveCfg = Release|Any CPU
		{78267474-D9AE-4FBE-B135-7B9C7FEFA5F1}.Release|Mixed Platforms.Build.0 = Release|Any CPU
		{78267474-D9AE-4FBE-B135-7B9C7FEFA5F1}.Release|Mixed Platforms.Deploy.0 = Release|Any CPU
		{78267474-D9AE-4FBE-B135-7B9C7FEFA5F1}.Release|Windows Phone.ActiveCfg = Release|Any CPU
		{5080C6EF-C571-4C8B-A2CD-4AAB942A999E}.Debug|Any CPU.ActiveCfg = Debug|Windows Phone
		{5080C6EF-C571-4C8B-A2CD-4AAB942A999E}.Debug|Mixed Platforms.ActiveCfg = Debug|Windows Phone
		{5080C6EF-C571-4C8B-A2CD-4AAB942A999E}.Debug|Mixed Platforms.Build.0 = Debug|Windows Phone
		{5080C6EF-C571-4C8B-A2CD-4AAB942A999E}.Debug|Windows Phone.ActiveCfg = Debug|Windows Phone
		{5080C6EF-C571-4C8B-A2CD-4AAB942A999E}.Debug|Windows Phone.Build.0 = Debug|Windows Phone
		{5080C6EF-C571-4C8B-A2CD-4AAB942A999E}.Release|Any CPU.ActiveCfg = Release|Windows Phone
		{5080C6EF-C571-4C8B-A2CD-4AAB942A999E}.Release|Mixed Platforms.ActiveCfg = Release|Windows Phone
		{5080C6EF-C571-4C8B-A2CD-4AAB942A999E}.Release|Mixed Platforms.Build.0 = Release|Windows Phone
		{5080C6EF-C571-4C8B-A2CD-4AAB942A999E}.Release|Windows Phone.ActiveCfg = Release|Windows Phone
		{5080C6EF-C571-4C8B-A2CD-4AAB942A999E}.Release|Windows Phone.Build.0 = Release|Windows Phone
		{8879CC64-F366-4DD4-ABDB-4CB24F732D37}.Debug|Any CPU.ActiveCfg = Debug|Any CPU
		{8879CC64-F366-4DD4-ABDB-4CB24F732D37}.Debug|Mixed Platforms.ActiveCfg = Debug|Any CPU
		{8879CC64-F366-4DD4-ABDB-4CB24F732D37}.Debug|Windows Phone.ActiveCfg = Debug|Any CPU
		{8879CC64-F366-4DD4-ABDB-4CB24F732D37}.Release|Any CPU.ActiveCfg = Debug|Any CPU
		{8879CC64-F366-4DD4-ABDB-4CB24F732D37}.Release|Mixed Platforms.ActiveCfg = Debug|Any CPU
		{8879CC64-F366-4DD4-ABDB-4CB24F732D37}.Release|Windows Phone.ActiveCfg = Debug|Any CPU
	EndGlobalSection
	GlobalSection(SolutionProperties) = preSolution
		HideSolutionNode = FALSE
	EndGlobalSection
EndGlobal
