
Microsoft Visual Studio Solution File, Format Version 11.00
# Visual C# Express 2010
Project("{FAE04EC0-301F-11D3-BF4B-00C04F79EFBC}") = "XNAnimationPipeline", "XNAnimationPipeline\XNAnimationPipeline.csproj", "{7BCA4EE7-CE06-4FCA-95D7-1FB969AB453B}"
EndProject
Project("{FAE04EC0-301F-11D3-BF4B-00C04F79EFBC}") = "XNAnimation", "XNAnimation\XNAnimation.csproj", "{9A5AD957-9FD8-4B4F-A871-9B1F9699C2CC}"
EndProject
Project("{FAE04EC0-301F-11D3-BF4B-00C04F79EFBC}") = "Content", "Content\Content.contentproj", "{37D7C7ED-7177-4C3A-87EA-55765EFFACC7}"
EndProject
Project("{FAE04EC0-301F-11D3-BF4B-00C04F79EFBC}") = "XNAnimationTest", "XNAnimationTest\XNAnimationTest\XNAnimationTest.csproj", "{C77353C3-42AC-467A-AAF1-3DF7DFDA1CE2}"
EndProject
Project("{96E2B04D-8817-42C6-938A-82C39BA4D311}") = "XNAnimationTestContent", "XNAnimationTest\XNAnimationTestContent\XNAnimationTestContent.contentproj", "{652DBBE6-0A77-4CD8-B695-692DB3E11D45}"
EndProject
Project("{FAE04EC0-301F-11D3-BF4B-00C04F79EFBC}") = "Windows Phone Copy of XNAnimation", "XNAnimation\Windows Phone Copy of XNAnimation.csproj", "{5E61388E-438B-45DE-B96D-00FF867D85B2}"
EndProject
Project("{FAE04EC0-301F-11D3-BF4B-00C04F79EFBC}") = "XNAnimationReach", "XNAnimation\XNAnimationReach.csproj", "{9A926239-4757-407D-B9C5-66915EED4108}"
EndProject
Global
	GlobalSection(SolutionConfigurationPlatforms) = preSolution
		Debug|Any CPU = Debug|Any CPU
		Debug|Mixed Platforms = Debug|Mixed Platforms
		Debug|Windows Phone = Debug|Windows Phone
		Debug|x86 = Debug|x86
		Release|Any CPU = Release|Any CPU
		Release|Mixed Platforms = Release|Mixed Platforms
		Release|Windows Phone = Release|Windows Phone
		Release|x86 = Release|x86
	EndGlobalSection
	GlobalSection(ProjectConfigurationPlatforms) = postSolution
		{7BCA4EE7-CE06-4FCA-95D7-1FB969AB453B}.Debug|Any CPU.ActiveCfg = Debug|x86
		{7BCA4EE7-CE06-4FCA-95D7-1FB969AB453B}.Debug|Mixed Platforms.ActiveCfg = Debug|x86
		{7BCA4EE7-CE06-4FCA-95D7-1FB969AB453B}.Debug|Mixed Platforms.Build.0 = Debug|x86
		{7BCA4EE7-CE06-4FCA-95D7-1FB969AB453B}.Debug|Windows Phone.ActiveCfg = Debug|x86
		{7BCA4EE7-CE06-4FCA-95D7-1FB969AB453B}.Debug|x86.ActiveCfg = Debug|x86
		{7BCA4EE7-CE06-4FCA-95D7-1FB969AB453B}.Debug|x86.Build.0 = Debug|x86
		{7BCA4EE7-CE06-4FCA-95D7-1FB969AB453B}.Release|Any CPU.ActiveCfg = Debug|x86
		{7BCA4EE7-CE06-4FCA-95D7-1FB969AB453B}.Release|Mixed Platforms.ActiveCfg = Debug|x86
		{7BCA4EE7-CE06-4FCA-95D7-1FB969AB453B}.Release|Mixed Platforms.Build.0 = Debug|x86
		{7BCA4EE7-CE06-4FCA-95D7-1FB969AB453B}.Release|Windows Phone.ActiveCfg = Debug|x86
		{7BCA4EE7-CE06-4FCA-95D7-1FB969AB453B}.Release|x86.ActiveCfg = Debug|x86
		{7BCA4EE7-CE06-4FCA-95D7-1FB969AB453B}.Release|x86.Build.0 = Debug|x86
		{9A5AD957-9FD8-4B4F-A871-9B1F9699C2CC}.Debug|Any CPU.ActiveCfg = Debug|x86
		{9A5AD957-9FD8-4B4F-A871-9B1F9699C2CC}.Debug|Mixed Platforms.ActiveCfg = Debug|x86
		{9A5AD957-9FD8-4B4F-A871-9B1F9699C2CC}.Debug|Mixed Platforms.Build.0 = Debug|x86
		{9A5AD957-9FD8-4B4F-A871-9B1F9699C2CC}.Debug|Windows Phone.ActiveCfg = Debug|x86
		{9A5AD957-9FD8-4B4F-A871-9B1F9699C2CC}.Debug|x86.ActiveCfg = Debug|x86
		{9A5AD957-9FD8-4B4F-A871-9B1F9699C2CC}.Debug|x86.Build.0 = Debug|x86
		{9A5AD957-9FD8-4B4F-A871-9B1F9699C2CC}.Release|Any CPU.ActiveCfg = Release|x86
		{9A5AD957-9FD8-4B4F-A871-9B1F9699C2CC}.Release|Mixed Platforms.ActiveCfg = Release|x86
		{9A5AD957-9FD8-4B4F-A871-9B1F9699C2CC}.Release|Mixed Platforms.Build.0 = Release|x86
		{9A5AD957-9FD8-4B4F-A871-9B1F9699C2CC}.Release|Windows Phone.ActiveCfg = Release|x86
		{9A5AD957-9FD8-4B4F-A871-9B1F9699C2CC}.Release|x86.ActiveCfg = Release|x86
		{9A5AD957-9FD8-4B4F-A871-9B1F9699C2CC}.Release|x86.Build.0 = Release|x86
		{37D7C7ED-7177-4C3A-87EA-55765EFFACC7}.Debug|Any CPU.ActiveCfg = Debug|Any CPU
		{37D7C7ED-7177-4C3A-87EA-55765EFFACC7}.Debug|Mixed Platforms.ActiveCfg = Debug|Any CPU
		{37D7C7ED-7177-4C3A-87EA-55765EFFACC7}.Debug|Windows Phone.ActiveCfg = Debug|Any CPU
		{37D7C7ED-7177-4C3A-87EA-55765EFFACC7}.Debug|x86.ActiveCfg = Debug|Any CPU
		{37D7C7ED-7177-4C3A-87EA-55765EFFACC7}.Release|Any CPU.ActiveCfg = Debug|Any CPU
		{37D7C7ED-7177-4C3A-87EA-55765EFFACC7}.Release|Mixed Platforms.ActiveCfg = Debug|Any CPU
		{37D7C7ED-7177-4C3A-87EA-55765EFFACC7}.Release|Windows Phone.ActiveCfg = Debug|Any CPU
		{37D7C7ED-7177-4C3A-87EA-55765EFFACC7}.Release|x86.ActiveCfg = Debug|Any CPU
		{C77353C3-42AC-467A-AAF1-3DF7DFDA1CE2}.Debug|Any CPU.ActiveCfg = Debug|x86
		{C77353C3-42AC-467A-AAF1-3DF7DFDA1CE2}.Debug|Mixed Platforms.ActiveCfg = Debug|x86
		{C77353C3-42AC-467A-AAF1-3DF7DFDA1CE2}.Debug|Windows Phone.ActiveCfg = Debug|x86
		{C77353C3-42AC-467A-AAF1-3DF7DFDA1CE2}.Debug|x86.ActiveCfg = Debug|x86
		{C77353C3-42AC-467A-AAF1-3DF7DFDA1CE2}.Debug|x86.Build.0 = Debug|x86
		{C77353C3-42AC-467A-AAF1-3DF7DFDA1CE2}.Release|Any CPU.ActiveCfg = Release|x86
		{C77353C3-42AC-467A-AAF1-3DF7DFDA1CE2}.Release|Mixed Platforms.ActiveCfg = Release|x86
		{C77353C3-42AC-467A-AAF1-3DF7DFDA1CE2}.Release|Windows Phone.ActiveCfg = Release|x86
		{C77353C3-42AC-467A-AAF1-3DF7DFDA1CE2}.Release|x86.ActiveCfg = Release|x86
		{C77353C3-42AC-467A-AAF1-3DF7DFDA1CE2}.Release|x86.Build.0 = Release|x86
		{652DBBE6-0A77-4CD8-B695-692DB3E11D45}.Debug|Any CPU.ActiveCfg = Debug|x86
		{652DBBE6-0A77-4CD8-B695-692DB3E11D45}.Debug|Mixed Platforms.ActiveCfg = Debug|x86
		{652DBBE6-0A77-4CD8-B695-692DB3E11D45}.Debug|Windows Phone.ActiveCfg = Debug|x86
		{652DBBE6-0A77-4CD8-B695-692DB3E11D45}.Debug|x86.ActiveCfg = Debug|x86
		{652DBBE6-0A77-4CD8-B695-692DB3E11D45}.Release|Any CPU.ActiveCfg = Release|x86
		{652DBBE6-0A77-4CD8-B695-692DB3E11D45}.Release|Mixed Platforms.ActiveCfg = Release|x86
		{652DBBE6-0A77-4CD8-B695-692DB3E11D45}.Release|Windows Phone.ActiveCfg = Release|x86
		{652DBBE6-0A77-4CD8-B695-692DB3E11D45}.Release|x86.ActiveCfg = Release|x86
		{5E61388E-438B-45DE-B96D-00FF867D85B2}.Debug|Any CPU.ActiveCfg = Debug|Windows Phone
		{5E61388E-438B-45DE-B96D-00FF867D85B2}.Debug|Mixed Platforms.ActiveCfg = Debug|Windows Phone
		{5E61388E-438B-45DE-B96D-00FF867D85B2}.Debug|Mixed Platforms.Build.0 = Debug|Windows Phone
		{5E61388E-438B-45DE-B96D-00FF867D85B2}.Debug|Windows Phone.ActiveCfg = Debug|Windows Phone
		{5E61388E-438B-45DE-B96D-00FF867D85B2}.Debug|Windows Phone.Build.0 = Debug|Windows Phone
		{5E61388E-438B-45DE-B96D-00FF867D85B2}.Debug|x86.ActiveCfg = Debug|Windows Phone
		{5E61388E-438B-45DE-B96D-00FF867D85B2}.Release|Any CPU.ActiveCfg = Release|Windows Phone
		{5E61388E-438B-45DE-B96D-00FF867D85B2}.Release|Mixed Platforms.ActiveCfg = Release|Windows Phone
		{5E61388E-438B-45DE-B96D-00FF867D85B2}.Release|Mixed Platforms.Build.0 = Release|Windows Phone
		{5E61388E-438B-45DE-B96D-00FF867D85B2}.Release|Windows Phone.ActiveCfg = Release|Windows Phone
		{5E61388E-438B-45DE-B96D-00FF867D85B2}.Release|Windows Phone.Build.0 = Release|Windows Phone
		{5E61388E-438B-45DE-B96D-00FF867D85B2}.Release|x86.ActiveCfg = Release|Windows Phone
		{9A926239-4757-407D-B9C5-66915EED4108}.Debug|Any CPU.ActiveCfg = Debug|x86
		{9A926239-4757-407D-B9C5-66915EED4108}.Debug|Mixed Platforms.ActiveCfg = Debug|x86
		{9A926239-4757-407D-B9C5-66915EED4108}.Debug|Mixed Platforms.Build.0 = Debug|x86
		{9A926239-4757-407D-B9C5-66915EED4108}.Debug|Windows Phone.ActiveCfg = Debug|x86
		{9A926239-4757-407D-B9C5-66915EED4108}.Debug|x86.ActiveCfg = Debug|x86
		{9A926239-4757-407D-B9C5-66915EED4108}.Debug|x86.Build.0 = Debug|x86
		{9A926239-4757-407D-B9C5-66915EED4108}.Release|Any CPU.ActiveCfg = Release|x86
		{9A926239-4757-407D-B9C5-66915EED4108}.Release|Mixed Platforms.ActiveCfg = Release|x86
		{9A926239-4757-407D-B9C5-66915EED4108}.Release|Mixed Platforms.Build.0 = Release|x86
		{9A926239-4757-407D-B9C5-66915EED4108}.Release|Windows Phone.ActiveCfg = Release|x86
		{9A926239-4757-407D-B9C5-66915EED4108}.Release|x86.ActiveCfg = Release|x86
		{9A926239-4757-407D-B9C5-66915EED4108}.Release|x86.Build.0 = Release|x86
	EndGlobalSection
	GlobalSection(SolutionProperties) = preSolution
		HideSolutionNode = FALSE
	EndGlobalSection
EndGlobal
